// !$*UTF8*$!
{
	archiveVersion = 1;
	classes = {
	};
	objectVersion = 55;
	objects = {

/* Begin PBXBuildFile section */
		2A6ABD4D28B881E000A28796 /* infcon_2022App.swift in Sources */ = {isa = PBXBuildFile; fileRef = 2A6ABD3D28B881DF00A28796 /* infcon_2022App.swift */; };
		2A6ABD4F28B881E000A28796 /* ContentView.swift in Sources */ = {isa = PBXBuildFile; fileRef = 2A6ABD3E28B881DF00A28796 /* ContentView.swift */; };
		2A6ABD5128B881E000A28796 /* Assets.xcassets in Resources */ = {isa = PBXBuildFile; fileRef = 2A6ABD3F28B881E000A28796 /* Assets.xcassets */; };
		2A6ABD5D28B884D200A28796 /* RustCross.swift in Sources */ = {isa = PBXBuildFile; fileRef = 2A6ABD5C28B884D200A28796 /* RustCross.swift */; };
		2A6ABD6C28B88E5C00A28796 /* librust_cross_ios.a in Frameworks */ = {isa = PBXBuildFile; fileRef = 2A6ABD6B28B88E5C00A28796 /* librust_cross_ios.a */; };
		2A6ABD6E28B88E9400A28796 /* libresolv.tbd in Frameworks */ = {isa = PBXBuildFile; fileRef = 2A6ABD6D28B88E7F00A28796 /* libresolv.tbd */; };
/* End PBXBuildFile section */

/* Begin PBXFileReference section */
		2A6ABD3D28B881DF00A28796 /* infcon_2022App.swift */ = {isa = PBXFileReference; lastKnownFileType = sourcecode.swift; path = infcon_2022App.swift; sourceTree = "<group>"; };
		2A6ABD3E28B881DF00A28796 /* ContentView.swift */ = {isa = PBXFileReference; lastKnownFileType = sourcecode.swift; path = ContentView.swift; sourceTree = "<group>"; };
		2A6ABD3F28B881E000A28796 /* Assets.xcassets */ = {isa = PBXFileReference; lastKnownFileType = folder.assetcatalog; path = Assets.xcassets; sourceTree = "<group>"; };
		2A6ABD4428B881E000A28796 /* infcon-2022.app */ = {isa = PBXFileReference; explicitFileType = wrapper.application; includeInIndex = 0; path = "infcon-2022.app"; sourceTree = BUILT_PRODUCTS_DIR; };
		2A6ABD4C28B881E000A28796 /* macOS.entitlements */ = {isa = PBXFileReference; lastKnownFileType = text.plist.entitlements; path = macOS.entitlements; sourceTree = "<group>"; };
		2A6ABD5B28B8847100A28796 /* infcon-bridge-header.h */ = {isa = PBXFileReference; fileEncoding = 4; lastKnownFileType = sourcecode.c.h; path = "infcon-bridge-header.h"; sourceTree = "<group>"; };
		2A6ABD5C28B884D200A28796 /* RustCross.swift */ = {isa = PBXFileReference; lastKnownFileType = sourcecode.swift; path = RustCross.swift; sourceTree = "<group>"; };
		2A6ABD6228B8879E00A28796 /* rust-cross-ios.h */ = {isa = PBXFileReference; fileEncoding = 4; lastKnownFileType = sourcecode.c.h; name = "rust-cross-ios.h"; path = "../../rust-cross-ios/src/rust-cross-ios.h"; sourceTree = "<group>"; };
		2A6ABD6B28B88E5C00A28796 /* librust_cross_ios.a */ = {isa = PBXFileReference; lastKnownFileType = archive.ar; name = librust_cross_ios.a; path = ../../target/universal/release/librust_cross_ios.a; sourceTree = "<group>"; };
		2A6ABD6D28B88E7F00A28796 /* libresolv.tbd */ = {isa = PBXFileReference; lastKnownFileType = "sourcecode.text-based-dylib-definition"; name = libresolv.tbd; path = Platforms/iPhoneOS.platform/Developer/SDKs/iPhoneOS15.5.sdk/usr/lib/libresolv.tbd; sourceTree = DEVELOPER_DIR; };
/* End PBXFileReference section */

/* Begin PBXFrameworksBuildPhase section */
		2A6ABD4128B881E000A28796 /* Frameworks */ = {
			isa = PBXFrameworksBuildPhase;
			buildActionMask = 2147483647;
			files = (
				2A6ABD6C28B88E5C00A28796 /* librust_cross_ios.a in Frameworks */,
				2A6ABD6E28B88E9400A28796 /* libresolv.tbd in Frameworks */,
			);
			runOnlyForDeploymentPostprocessing = 0;
		};
/* End PBXFrameworksBuildPhase section */

/* Begin PBXGroup section */
		2A6ABD3728B881DF00A28796 = {
			isa = PBXGroup;
			children = (
				2A6ABD6228B8879E00A28796 /* rust-cross-ios.h */,
				2A6ABD3C28B881DF00A28796 /* Shared */,
				2A6ABD4B28B881E000A28796 /* macOS */,
				2A6ABD4528B881E000A28796 /* Products */,
				2A6ABD5F28B8869A00A28796 /* Frameworks */,
			);
			sourceTree = "<group>";
		};
		2A6ABD3C28B881DF00A28796 /* Shared */ = {
			isa = PBXGroup;
			children = (
				2A6ABD5B28B8847100A28796 /* infcon-bridge-header.h */,
				2A6ABD3D28B881DF00A28796 /* infcon_2022App.swift */,
				2A6ABD3E28B881DF00A28796 /* ContentView.swift */,
				2A6ABD3F28B881E000A28796 /* Assets.xcassets */,
				2A6ABD5C28B884D200A28796 /* RustCross.swift */,
			);
			path = Shared;
			sourceTree = "<group>";
		};
		2A6ABD4528B881E000A28796 /* Products */ = {
			isa = PBXGroup;
			children = (
				2A6ABD4428B881E000A28796 /* infcon-2022.app */,
			);
			name = Products;
			sourceTree = "<group>";
		};
		2A6ABD4B28B881E000A28796 /* macOS */ = {
			isa = PBXGroup;
			children = (
				2A6ABD4C28B881E000A28796 /* macOS.entitlements */,
			);
			path = macOS;
			sourceTree = "<group>";
		};
		2A6ABD5F28B8869A00A28796 /* Frameworks */ = {
			isa = PBXGroup;
			children = (
				2A6ABD6D28B88E7F00A28796 /* libresolv.tbd */,
				2A6ABD6B28B88E5C00A28796 /* librust_cross_ios.a */,
			);
			name = Frameworks;
			sourceTree = "<group>";
		};
/* End PBXGroup section */

/* Begin PBXNativeTarget section */
		2A6ABD4328B881E000A28796 /* infcon-2022 (iOS) */ = {
			isa = PBXNativeTarget;
			buildConfigurationList = 2A6ABD5528B881E000A28796 /* Build configuration list for PBXNativeTarget "infcon-2022 (iOS)" */;
			buildPhases = (
				2A6ABD4028B881E000A28796 /* Sources */,
				2A6ABD4128B881E000A28796 /* Frameworks */,
				2A6ABD4228B881E000A28796 /* Resources */,
			);
			buildRules = (
			);
			dependencies = (
			);
			name = "infcon-2022 (iOS)";
			productName = "infcon-2022 (iOS)";
			productReference = 2A6ABD4428B881E000A28796 /* infcon-2022.app */;
			productType = "com.apple.product-type.application";
		};
/* End PBXNativeTarget section */

/* Begin PBXProject section */
		2A6ABD3828B881DF00A28796 /* Project object */ = {
			isa = PBXProject;
			attributes = {
				BuildIndependentTargetsInParallel = 1;
				LastSwiftUpdateCheck = 1340;
				LastUpgradeCheck = 1340;
				TargetAttributes = {
					2A6ABD4328B881E000A28796 = {
						CreatedOnToolsVersion = 13.4.1;
					};
				};
			};
			buildConfigurationList = 2A6ABD3B28B881DF00A28796 /* Build configuration list for PBXProject "infcon-2022" */;
			compatibilityVersion = "Xcode 13.0";
			developmentRegion = en;
			hasScannedForEncodings = 0;
			knownRegions = (
				en,
				Base,
			);
			mainGroup = 2A6ABD3728B881DF00A28796;
			productRefGroup = 2A6ABD4528B881E000A28796 /* Products */;
			projectDirPath = "";
			projectRoot = "";
			targets = (
				2A6ABD4328B881E000A28796 /* infcon-2022 (iOS) */,
			);
		};
/* End PBXProject section */

/* Begin PBXResourcesBuildPhase section */
		2A6ABD4228B881E000A28796 /* Resources */ = {
			isa = PBXResourcesBuildPhase;
			buildActionMask = 2147483647;
			files = (
				2A6ABD5128B881E000A28796 /* Assets.xcassets in Resources */,
			);
			runOnlyForDeploymentPostprocessing = 0;
		};
/* End PBXResourcesBuildPhase section */

/* Begin PBXSourcesBuildPhase section */
		2A6ABD4028B881E000A28796 /* Sources */ = {
			isa = PBXSourcesBuildPhase;
			buildActionMask = 2147483647;
			files = (
				2A6ABD4F28B881E000A28796 /* ContentView.swift in Sources */,
				2A6ABD4D28B881E000A28796 /* infcon_2022App.swift in Sources */,
				2A6ABD5D28B884D200A28796 /* RustCross.swift in Sources */,
			);
			runOnlyForDeploymentPostprocessing = 0;
		};
/* End PBXSourcesBuildPhase section */

/* Begin XCBuildConfiguration section */
		2A6ABD5328B881E000A28796 /* Debug */ = {
			isa = XCBuildConfiguration;
			buildSettings = {
				ALWAYS_SEARCH_USER_PATHS = NO;
				CLANG_ANALYZER_NONNULL = YES;
				CLANG_ANALYZER_NUMBER_OBJECT_CONVERSION = YES_AGGRESSIVE;
				CLANG_CXX_LANGUAGE_STANDARD = "gnu++17";
				CLANG_ENABLE_MODULES = YES;
				CLANG_ENABLE_OBJC_ARC = YES;
				CLANG_ENABLE_OBJC_WEAK = YES;
				CLANG_WARN_BLOCK_CAPTURE_AUTORELEASING = YES;
				CLANG_WARN_BOOL_CONVERSION = YES;
				CLANG_WARN_COMMA = YES;
				CLANG_WARN_CONSTANT_CONVERSION = YES;
				CLANG_WARN_DEPRECATED_OBJC_IMPLEMENTATIONS = YES;
				CLANG_WARN_DIRECT_OBJC_ISA_USAGE = YES_ERROR;
				CLANG_WARN_DOCUMENTATION_COMMENTS = YES;
				CLANG_WARN_EMPTY_BODY = YES;
				CLANG_WARN_ENUM_CONVERSION = YES;
				CLANG_WARN_INFINITE_RECURSION = YES;
				CLANG_WARN_INT_CONVERSION = YES;
				CLANG_WARN_NON_LITERAL_NULL_CONVERSION = YES;
				CLANG_WARN_OBJC_IMPLICIT_RETAIN_SELF = YES;
				CLANG_WARN_OBJC_LITERAL_CONVERSION = YES;
				CLANG_WARN_OBJC_ROOT_CLASS = YES_ERROR;
				CLANG_WARN_QUOTED_INCLUDE_IN_FRAMEWORK_HEADER = YES;
				CLANG_WARN_RANGE_LOOP_ANALYSIS = YES;
				CLANG_WARN_STRICT_PROTOTYPES = YES;
				CLANG_WARN_SUSPICIOUS_MOVE = YES;
				CLANG_WARN_UNGUARDED_AVAILABILITY = YES_AGGRESSIVE;
				CLANG_WARN_UNREACHABLE_CODE = YES;
				CLANG_WARN__DUPLICATE_METHOD_MATCH = YES;
				COPY_PHASE_STRIP = NO;
				DEBUG_INFORMATION_FORMAT = dwarf;
				ENABLE_STRICT_OBJC_MSGSEND = YES;
				ENABLE_TESTABILITY = YES;
				GCC_C_LANGUAGE_STANDARD = gnu11;
				GCC_DYNAMIC_NO_PIC = NO;
				GCC_NO_COMMON_BLOCKS = YES;
				GCC_OPTIMIZATION_LEVEL = 0;
				GCC_PREPROCESSOR_DEFINITIONS = (
					"DEBUG=1",
					"$(inherited)",
				);
				GCC_WARN_64_TO_32_BIT_CONVERSION = YES;
				GCC_WARN_ABOUT_RETURN_TYPE = YES_ERROR;
				GCC_WARN_UNDECLARED_SELECTOR = YES;
				GCC_WARN_UNINITIALIZED_AUTOS = YES_AGGRESSIVE;
				GCC_WARN_UNUSED_FUNCTION = YES;
				GCC_WARN_UNUSED_VARIABLE = YES;
				MTL_ENABLE_DEBUG_INFO = INCLUDE_SOURCE;
				MTL_FAST_MATH = YES;
				ONLY_ACTIVE_ARCH = YES;
				SWIFT_ACTIVE_COMPILATION_CONDITIONS = DEBUG;
				SWIFT_OPTIMIZATION_LEVEL = "-Onone";
			};
			name = Debug;
		};
		2A6ABD5428B881E000A28796 /* Release */ = {
			isa = XCBuildConfiguration;
			buildSettings = {
				ALWAYS_SEARCH_USER_PATHS = NO;
				CLANG_ANALYZER_NONNULL = YES;
				CLANG_ANALYZER_NUMBER_OBJECT_CONVERSION = YES_AGGRESSIVE;
				CLANG_CXX_LANGUAGE_STANDARD = "gnu++17";
				CLANG_ENABLE_MODULES = YES;
				CLANG_ENABLE_OBJC_ARC = YES;
				CLANG_ENABLE_OBJC_WEAK = YES;
				CLANG_WARN_BLOCK_CAPTURE_AUTORELEASING = YES;
				CLANG_WARN_BOOL_CONVERSION = YES;
				CLANG_WARN_COMMA = YES;
				CLANG_WARN_CONSTANT_CONVERSION = YES;
				CLANG_WARN_DEPRECATED_OBJC_IMPLEMENTATIONS = YES;
				CLANG_WARN_DIRECT_OBJC_ISA_USAGE = YES_ERROR;
				CLANG_WARN_DOCUMENTATION_COMMENTS = YES;
				CLANG_WARN_EMPTY_BODY = YES;
				CLANG_WARN_ENUM_CONVERSION = YES;
				CLANG_WARN_INFINITE_RECURSION = YES;
				CLANG_WARN_INT_CONVERSION = YES;
				CLANG_WARN_NON_LITERAL_NULL_CONVERSION = YES;
				CLANG_WARN_OBJC_IMPLICIT_RETAIN_SELF = YES;
				CLANG_WARN_OBJC_LITERAL_CONVERSION = YES;
				CLANG_WARN_OBJC_ROOT_CLASS = YES_ERROR;
				CLANG_WARN_QUOTED_INCLUDE_IN_FRAMEWORK_HEADER = YES;
				CLANG_WARN_RANGE_LOOP_ANALYSIS = YES;
				CLANG_WARN_STRICT_PROTOTYPES = YES;
				CLANG_WARN_SUSPICIOUS_MOVE = YES;
				CLANG_WARN_UNGUARDED_AVAILABILITY = YES_AGGRESSIVE;
				CLANG_WARN_UNREACHABLE_CODE = YES;
				CLANG_WARN__DUPLICATE_METHOD_MATCH = YES;
				COPY_PHASE_STRIP = NO;
				DEBUG_INFORMATION_FORMAT = "dwarf-with-dsym";
				ENABLE_NS_ASSERTIONS = NO;
				ENABLE_STRICT_OBJC_MSGSEND = YES;
				GCC_C_LANGUAGE_STANDARD = gnu11;
				GCC_NO_COMMON_BLOCKS = YES;
				GCC_WARN_64_TO_32_BIT_CONVERSION = YES;
				GCC_WARN_ABOUT_RETURN_TYPE = YES_ERROR;
				GCC_WARN_UNDECLARED_SELECTOR = YES;
				GCC_WARN_UNINITIALIZED_AUTOS = YES_AGGRESSIVE;
				GCC_WARN_UNUSED_FUNCTION = YES;
				GCC_WARN_UNUSED_VARIABLE = YES;
				MTL_ENABLE_DEBUG_INFO = NO;
				MTL_FAST_MATH = YES;
				SWIFT_COMPILATION_MODE = wholemodule;
				SWIFT_OPTIMIZATION_LEVEL = "-O";
			};
			name = Release;
		};
		2A6ABD5628B881E000A28796 /* Debug */ = {
			isa = XCBuildConfiguration;
			buildSettings = {
				ASSETCATALOG_COMPILER_APPICON_NAME = AppIcon;
				ASSETCATALOG_COMPILER_GLOBAL_ACCENT_COLOR_NAME = AccentColor;
				CODE_SIGN_STYLE = Automatic;
				CURRENT_PROJECT_VERSION = 1;
				ENABLE_PREVIEWS = YES;
				GENERATE_INFOPLIST_FILE = YES;
				INFOPLIST_KEY_UIApplicationSceneManifest_Generation = YES;
				INFOPLIST_KEY_UIApplicationSupportsIndirectInputEvents = YES;
				INFOPLIST_KEY_UILaunchScreen_Generation = YES;
				INFOPLIST_KEY_UISupportedInterfaceOrientations_iPad = "UIInterfaceOrientationPortrait UIInterfaceOrientationPortraitUpsideDown UIInterfaceOrientationLandscapeLeft UIInterfaceOrientationLandscapeRight";
				INFOPLIST_KEY_UISupportedInterfaceOrientations_iPhone = "UIInterfaceOrientationPortrait UIInterfaceOrientationLandscapeLeft UIInterfaceOrientationLandscapeRight";
				IPHONEOS_DEPLOYMENT_TARGET = 15.5;
				LD_RUNPATH_SEARCH_PATHS = (
					"$(inherited)",
					"@executable_path/Frameworks",
				);
				LIBRARY_SEARCH_PATHS = "$(PROJECT_DIR)/../../target/universal/release";
				MARKETING_VERSION = 1.0;
				PRODUCT_BUNDLE_IDENTIFIER = "infcon.infcon-2022";
				PRODUCT_NAME = "infcon-2022";
				SDKROOT = iphoneos;
				SWIFT_EMIT_LOC_STRINGS = YES;
				SWIFT_OBJC_BRIDGING_HEADER = "$(PROJECT_DIR)/Shared/infcon-bridge-header.h";
				SWIFT_VERSION = 5.0;
				TARGETED_DEVICE_FAMILY = 1;
				USER_HEADER_SEARCH_PATHS = "";
			};
			name = Debug;
		};
		2A6ABD5728B881E000A28796 /* Release */ = {
			isa = XCBuildConfiguration;
			buildSettings = {
				ASSETCATALOG_COMPILER_APPICON_NAME = AppIcon;
				ASSETCATALOG_COMPILER_GLOBAL_ACCENT_COLOR_NAME = AccentColor;
				CODE_SIGN_STYLE = Automatic;
				CURRENT_PROJECT_VERSION = 1;
				ENABLE_PREVIEWS = YES;
				GENERATE_INFOPLIST_FILE = YES;
				INFOPLIST_KEY_UIApplicationSceneManifest_Generation = YES;
				INFOPLIST_KEY_UIApplicationSupportsIndirectInputEvents = YES;
				INFOPLIST_KEY_UILaunchScreen_Generation = YES;
				INFOPLIST_KEY_UISupportedInterfaceOrientations_iPad = "UIInterfaceOrientationPortrait UIInterfaceOrientationPortraitUpsideDown UIInterfaceOrientationLandscapeLeft UIInterfaceOrientationLandscapeRight";
				INFOPLIST_KEY_UISupportedInterfaceOrientations_iPhone = "UIInterfaceOrientationPortrait UIInterfaceOrientationLandscapeLeft UIInterfaceOrientationLandscapeRight";
				IPHONEOS_DEPLOYMENT_TARGET = 15.5;
				LD_RUNPATH_SEARCH_PATHS = (
					"$(inherited)",
					"@executable_path/Frameworks",
				);
				LIBRARY_SEARCH_PATHS = "$(PROJECT_DIR)/../../target/universal/release";
				MARKETING_VERSION = 1.0;
				PRODUCT_BUNDLE_IDENTIFIER = "infcon.infcon-2022";
				PRODUCT_NAME = "infcon-2022";
				SDKROOT = iphoneos;
				SWIFT_EMIT_LOC_STRINGS = YES;
				SWIFT_OBJC_BRIDGING_HEADER = "$(PROJECT_DIR)/Shared/infcon-bridge-header.h";
				SWIFT_VERSION = 5.0;
				TARGETED_DEVICE_FAMILY = 1;
				USER_HEADER_SEARCH_PATHS = "";
				VALIDATE_PRODUCT = YES;
			};
			name = Release;
		};
/* End XCBuildConfiguration section */

/* Begin XCConfigurationList section */
		2A6ABD3B28B881DF00A28796 /* Build configuration list for PBXProject "infcon-2022" */ = {
			isa = XCConfigurationList;
			buildConfigurations = (
				2A6ABD5328B881E000A28796 /* Debug */,
				2A6ABD5428B881E000A28796 /* Release */,
			);
			defaultConfigurationIsVisible = 0;
			defaultConfigurationName = Release;
		};
		2A6ABD5528B881E000A28796 /* Build configuration list for PBXNativeTarget "infcon-2022 (iOS)" */ = {
			isa = XCConfigurationList;
			buildConfigurations = (
				2A6ABD5628B881E000A28796 /* Debug */,
				2A6ABD5728B881E000A28796 /* Release */,
			);
			defaultConfigurationIsVisible = 0;
			defaultConfigurationName = Release;
		};
/* End XCConfigurationList section */
	};
	rootObject = 2A6ABD3828B881DF00A28796 /* Project object */;
}
